// !$*UTF8*$!
{
	archiveVersion = 1;
	classes = {
	};
	objectVersion = 50;
	objects = {

/* Begin PBXBuildFile section */
		D00DF1A4228E669300BC7A8D /* AppDelegate.m in Sources */ = {isa = PBXBuildFile; fileRef = D00DF1A3228E669300BC7A8D /* AppDelegate.m */; };
		D00DF1A6228E669400BC7A8D /* Assets.xcassets in Resources */ = {isa = PBXBuildFile; fileRef = D00DF1A5228E669400BC7A8D /* Assets.xcassets */; };
		D00DF1A9228E669400BC7A8D /* MainMenu.xib in Resources */ = {isa = PBXBuildFile; fileRef = D00DF1A7228E669400BC7A8D /* MainMenu.xib */; };
		D00DF1AC228E669400BC7A8D /* main.m in Sources */ = {isa = PBXBuildFile; fileRef = D00DF1AB228E669400BC7A8D /* main.m */; };
		D00DF1B6228E66C600BC7A8D /* HyperLinkWindowController.m in Sources */ = {isa = PBXBuildFile; fileRef = D00DF1B4228E66C600BC7A8D /* HyperLinkWindowController.m */; };
		D00DF1B7228E66C600BC7A8D /* HyperLinkWindowController.xib in Resources */ = {isa = PBXBuildFile; fileRef = D00DF1B5228E66C600BC7A8D /* HyperLinkWindowController.xib */; };
		D0E6043E229275000073CE3F /* myTextView.m in Sources */ = {isa = PBXBuildFile; fileRef = D0E6043D229275000073CE3F /* myTextView.m */; };
		D0E66602228E9E6D001CD0D0 /* TextViewWindowController.m in Sources */ = {isa = PBXBuildFile; fileRef = D0E66600228E9E6D001CD0D0 /* TextViewWindowController.m */; };
		D0E66603228E9E6D001CD0D0 /* TextViewWindowController.xib in Resources */ = {isa = PBXBuildFile; fileRef = D0E66601228E9E6D001CD0D0 /* TextViewWindowController.xib */; };
/* End PBXBuildFile section */

/* Begin PBXFileReference section */
		D00DF19F228E669300BC7A8D /* HyperLinkWindow.app */ = {isa = PBXFileReference; explicitFileType = wrapper.application; includeInIndex = 0; path = HyperLinkWindow.app; sourceTree = BUILT_PRODUCTS_DIR; };
		D00DF1A2228E669300BC7A8D /* AppDelegate.h */ = {isa = PBXFileReference; lastKnownFileType = sourcecode.c.h; path = AppDelegate.h; sourceTree = "<group>"; };
		D00DF1A3228E669300BC7A8D /* AppDelegate.m */ = {isa = PBXFileReference; lastKnownFileType = sourcecode.c.objc; path = AppDelegate.m; sourceTree = "<group>"; };
		D00DF1A5228E669400BC7A8D /* Assets.xcassets */ = {isa = PBXFileReference; lastKnownFileType = folder.assetcatalog; path = Assets.xcassets; sourceTree = "<group>"; };
		D00DF1A8228E669400BC7A8D /* Base */ = {isa = PBXFileReference; lastKnownFileType = file.xib; name = Base; path = Base.lproj/MainMenu.xib; sourceTree = "<group>"; };
		D00DF1AA228E669400BC7A8D /* Info.plist */ = {isa = PBXFileReference; lastKnownFileType = text.plist.xml; path = Info.plist; sourceTree = "<group>"; };
		D00DF1AB228E669400BC7A8D /* main.m */ = {isa = PBXFileReference; lastKnownFileType = sourcecode.c.objc; path = main.m; sourceTree = "<group>"; };
		D00DF1AD228E669400BC7A8D /* HyperLinkWindow.entitlements */ = {isa = PBXFileReference; lastKnownFileType = text.plist.entitlements; path = HyperLinkWindow.entitlements; sourceTree = "<group>"; };
		D00DF1B3228E66C600BC7A8D /* HyperLinkWindowController.h */ = {isa = PBXFileReference; lastKnownFileType = sourcecode.c.h; path = HyperLinkWindowController.h; sourceTree = "<group>"; };
		D00DF1B4228E66C600BC7A8D /* HyperLinkWindowController.m */ = {isa = PBXFileReference; lastKnownFileType = sourcecode.c.objc; path = HyperLinkWindowController.m; sourceTree = "<group>"; };
		D00DF1B5228E66C600BC7A8D /* HyperLinkWindowController.xib */ = {isa = PBXFileReference; lastKnownFileType = file.xib; path = HyperLinkWindowController.xib; sourceTree = "<group>"; };
		D0E6043C229275000073CE3F /* myTextView.h */ = {isa = PBXFileReference; lastKnownFileType = sourcecode.c.h; path = myTextView.h; sourceTree = "<group>"; };
		D0E6043D229275000073CE3F /* myTextView.m */ = {isa = PBXFileReference; lastKnownFileType = sourcecode.c.objc; path = myTextView.m; sourceTree = "<group>"; };
		D0E665FF228E9E6D001CD0D0 /* TextViewWindowController.h */ = {isa = PBXFileReference; lastKnownFileType = sourcecode.c.h; path = TextViewWindowController.h; sourceTree = "<group>"; };
		D0E66600228E9E6D001CD0D0 /* TextViewWindowController.m */ = {isa = PBXFileReference; lastKnownFileType = sourcecode.c.objc; path = TextViewWindowController.m; sourceTree = "<group>"; };
		D0E66601228E9E6D001CD0D0 /* TextViewWindowController.xib */ = {isa = PBXFileReference; lastKnownFileType = file.xib; path = TextViewWindowController.xib; sourceTree = "<group>"; };
/* End PBXFileReference section */

/* Begin PBXFrameworksBuildPhase section */
		D00DF19C228E669300BC7A8D /* Frameworks */ = {
			isa = PBXFrameworksBuildPhase;
			buildActionMask = 2147483647;
			files = (
			);
			runOnlyForDeploymentPostprocessing = 0;
		};
/* End PBXFrameworksBuildPhase section */

/* Begin PBXGroup section */
		D00DF196228E669300BC7A8D = {
			isa = PBXGroup;
			children = (
				D00DF1A1228E669300BC7A8D /* HyperLinkWindow */,
				D00DF1A0228E669300BC7A8D /* Products */,
			);
			sourceTree = "<group>";
		};
		D00DF1A0228E669300BC7A8D /* Products */ = {
			isa = PBXGroup;
			children = (
				D00DF19F228E669300BC7A8D /* HyperLinkWindow.app */,
			);
			name = Products;
			sourceTree = "<group>";
		};
		D00DF1A1228E669300BC7A8D /* HyperLinkWindow */ = {
			isa = PBXGroup;
			children = (
				D00DF1A2228E669300BC7A8D /* AppDelegate.h */,
				D00DF1A3228E669300BC7A8D /* AppDelegate.m */,
				D00DF1A5228E669400BC7A8D /* Assets.xcassets */,
				D00DF1A7228E669400BC7A8D /* MainMenu.xib */,
				D00DF1B3228E66C600BC7A8D /* HyperLinkWindowController.h */,
				D00DF1B4228E66C600BC7A8D /* HyperLinkWindowController.m */,
				D00DF1B5228E66C600BC7A8D /* HyperLinkWindowController.xib */,
				D0E665FF228E9E6D001CD0D0 /* TextViewWindowController.h */,
				D0E66600228E9E6D001CD0D0 /* TextViewWindowController.m */,
				D0E66601228E9E6D001CD0D0 /* TextViewWindowController.xib */,
				D0E6043C229275000073CE3F /* myTextView.h */,
				D0E6043D229275000073CE3F /* myTextView.m */,
				D00DF1AA228E669400BC7A8D /* Info.plist */,
				D00DF1AB228E669400BC7A8D /* main.m */,
				D00DF1AD228E669400BC7A8D /* HyperLinkWindow.entitlements */,
			);
			path = HyperLinkWindow;
			sourceTree = "<group>";
		};
/* End PBXGroup section */

/* Begin PBXNativeTarget section */
		D00DF19E228E669300BC7A8D /* HyperLinkWindow */ = {
			isa = PBXNativeTarget;
			buildConfigurationList = D00DF1B0228E669400BC7A8D /* Build configuration list for PBXNativeTarget "HyperLinkWindow" */;
			buildPhases = (
				D00DF19B228E669300BC7A8D /* Sources */,
				D00DF19C228E669300BC7A8D /* Frameworks */,
				D00DF19D228E669300BC7A8D /* Resources */,
			);
			buildRules = (
			);
			dependencies = (
			);
			name = HyperLinkWindow;
			productName = HyperLinkWindow;
			productReference = D00DF19F228E669300BC7A8D /* HyperLinkWindow.app */;
			productType = "com.apple.product-type.application";
		};
/* End PBXNativeTarget section */

/* Begin PBXProject section */
		D00DF197228E669300BC7A8D /* Project object */ = {
			isa = PBXProject;
			attributes = {
				LastUpgradeCheck = 1010;
				ORGANIZATIONNAME = hikeuchi;
				TargetAttributes = {
					D00DF19E228E669300BC7A8D = {
						CreatedOnToolsVersion = 10.1;
					};
				};
			};
			buildConfigurationList = D00DF19A228E669300BC7A8D /* Build configuration list for PBXProject "HyperLinkWindow" */;
			compatibilityVersion = "Xcode 9.3";
			developmentRegion = en;
			hasScannedForEncodings = 0;
			knownRegions = (
				en,
				Base,
			);
			mainGroup = D00DF196228E669300BC7A8D;
			productRefGroup = D00DF1A0228E669300BC7A8D /* Products */;
			projectDirPath = "";
			projectRoot = "";
			targets = (
				D00DF19E228E669300BC7A8D /* HyperLinkWindow */,
			);
		};
/* End PBXProject section */

/* Begin PBXResourcesBuildPhase section */
		D00DF19D228E669300BC7A8D /* Resources */ = {
			isa = PBXResourcesBuildPhase;
			buildActionMask = 2147483647;
			files = (
				D00DF1A6228E669400BC7A8D /* Assets.xcassets in Resources */,
				D0E66603228E9E6D001CD0D0 /* TextViewWindowController.xib in Resources */,
				D00DF1B7228E66C600BC7A8D /* HyperLinkWindowController.xib in Resources */,
				D00DF1A9228E669400BC7A8D /* MainMenu.xib in Resources */,
			);
			runOnlyForDeploymentPostprocessing = 0;
		};
/* End PBXResourcesBuildPhase section */

/* Begin PBXSourcesBuildPhase section */
		D00DF19B228E669300BC7A8D /* Sources */ = {
			isa = PBXSourcesBuildPhase;
			buildActionMask = 2147483647;
			files = (
				D00DF1B6228E66C600BC7A8D /* HyperLinkWindowController.m in Sources */,
				D0E66602228E9E6D001CD0D0 /* TextViewWindowController.m in Sources */,
				D00DF1AC228E669400BC7A8D /* main.m in Sources */,
				D0E6043E229275000073CE3F /* myTextView.m in Sources */,
				D00DF1A4228E669300BC7A8D /* AppDelegate.m in Sources */,
			);
			runOnlyForDeploymentPostprocessing = 0;
		};
/* End PBXSourcesBuildPhase section */

/* Begin PBXVariantGroup section */
		D00DF1A7228E669400BC7A8D /* MainMenu.xib */ = {
			isa = PBXVariantGroup;
			children = (
				D00DF1A8228E669400BC7A8D /* Base */,
			);
			name = MainMenu.xib;
			sourceTree = "<group>";
		};
/* End PBXVariantGroup section */

/* Begin XCBuildConfiguration section */
		D00DF1AE228E669400BC7A8D /* Debug */ = {
			isa = XCBuildConfiguration;
			buildSettings = {
				ALWAYS_SEARCH_USER_PATHS = NO;
				CLANG_ANALYZER_NONNULL = YES;
				CLANG_ANALYZER_NUMBER_OBJECT_CONVERSION = YES_AGGRESSIVE;
				CLANG_CXX_LANGUAGE_STANDARD = "gnu++14";
				CLANG_CXX_LIBRARY = "libc++";
				CLANG_ENABLE_MODULES = YES;
				CLANG_ENABLE_OBJC_ARC = YES;
				CLANG_ENABLE_OBJC_WEAK = YES;
				CLANG_WARN_BLOCK_CAPTURE_AUTORELEASING = YES;
				CLANG_WARN_BOOL_CONVERSION = YES;
				CLANG_WARN_COMMA = YES;
				CLANG_WARN_CONSTANT_CONVERSION = YES;
				CLANG_WARN_DEPRECATED_OBJC_IMPLEMENTATIONS = YES;
				CLANG_WARN_DIRECT_OBJC_ISA_USAGE = YES_ERROR;
				CLANG_WARN_DOCUMENTATION_COMMENTS = YES;
				CLANG_WARN_EMPTY_BODY = YES;
				CLANG_WARN_ENUM_CONVERSION = YES;
				CLANG_WARN_INFINITE_RECURSION = YES;
				CLANG_WARN_INT_CONVERSION = YES;
				CLANG_WARN_NON_LITERAL_NULL_CONVERSION = YES;
				CLANG_WARN_OBJC_IMPLICIT_RETAIN_SELF = YES;
				CLANG_WARN_OBJC_LITERAL_CONVERSION = YES;
				CLANG_WARN_OBJC_ROOT_CLASS = YES_ERROR;
				CLANG_WARN_RANGE_LOOP_ANALYSIS = YES;
				CLANG_WARN_STRICT_PROTOTYPES = YES;
				CLANG_WARN_SUSPICIOUS_MOVE = YES;
				CLANG_WARN_UNGUARDED_AVAILABILITY = YES_AGGRESSIVE;
				CLANG_WARN_UNREACHABLE_CODE = YES;
				CLANG_WARN__DUPLICATE_METHOD_MATCH = YES;
				CODE_SIGN_IDENTITY = "-";
				COPY_PHASE_STRIP = NO;
				DEBUG_INFORMATION_FORMAT = dwarf;
				ENABLE_STRICT_OBJC_MSGSEND = YES;
				ENABLE_TESTABILITY = YES;
				GCC_C_LANGUAGE_STANDARD = gnu11;
				GCC_DYNAMIC_NO_PIC = NO;
				GCC_NO_COMMON_BLOCKS = YES;
				GCC_OPTIMIZATION_LEVEL = 0;
				GCC_PREPROCESSOR_DEFINITIONS = (
					"DEBUG=1",
					"$(inherited)",
				);
				GCC_WARN_64_TO_32_BIT_CONVERSION = YES;
				GCC_WARN_ABOUT_RETURN_TYPE = YES_ERROR;
				GCC_WARN_UNDECLARED_SELECTOR = YES;
				GCC_WARN_UNINITIALIZED_AUTOS = YES_AGGRESSIVE;
				GCC_WARN_UNUSED_FUNCTION = YES;
				GCC_WARN_UNUSED_VARIABLE = YES;
				MACOSX_DEPLOYMENT_TARGET = 10.13;
				MTL_ENABLE_DEBUG_INFO = INCLUDE_SOURCE;
				MTL_FAST_MATH = YES;
				ONLY_ACTIVE_ARCH = YES;
				SDKROOT = macosx;
			};
			name = Debug;
		};
		D00DF1AF228E669400BC7A8D /* Release */ = {
			isa = XCBuildConfiguration;
			buildSettings = {
				ALWAYS_SEARCH_USER_PATHS = NO;
				CLANG_ANALYZER_NONNULL = YES;
				CLANG_ANALYZER_NUMBER_OBJECT_CONVERSION = YES_AGGRESSIVE;
				CLANG_CXX_LANGUAGE_STANDARD = "gnu++14";
				CLANG_CXX_LIBRARY = "libc++";
				CLANG_ENABLE_MODULES = YES;
				CLANG_ENABLE_OBJC_ARC = YES;
				CLANG_ENABLE_OBJC_WEAK = YES;
				CLANG_WARN_BLOCK_CAPTURE_AUTORELEASING = YES;
				CLANG_WARN_BOOL_CONVERSION = YES;
				CLANG_WARN_COMMA = YES;
				CLANG_WARN_CONSTANT_CONVERSION = YES;
				CLANG_WARN_DEPRECATED_OBJC_IMPLEMENTATIONS = YES;
				CLANG_WARN_DIRECT_OBJC_ISA_USAGE = YES_ERROR;
				CLANG_WARN_DOCUMENTATION_COMMENTS = YES;
				CLANG_WARN_EMPTY_BODY = YES;
				CLANG_WARN_ENUM_CONVERSION = YES;
				CLANG_WARN_INFINITE_RECURSION = YES;
				CLANG_WARN_INT_CONVERSION = YES;
				CLANG_WARN_NON_LITERAL_NULL_CONVERSION = YES;
				CLANG_WARN_OBJC_IMPLICIT_RETAIN_SELF = YES;
				CLANG_WARN_OBJC_LITERAL_CONVERSION = YES;
				CLANG_WARN_OBJC_ROOT_CLASS = YES_ERROR;
				CLANG_WARN_RANGE_LOOP_ANALYSIS = YES;
				CLANG_WARN_STRICT_PROTOTYPES = YES;
				CLANG_WARN_SUSPICIOUS_MOVE = YES;
				CLANG_WARN_UNGUARDED_AVAILABILITY = YES_AGGRESSIVE;
				CLANG_WARN_UNREACHABLE_CODE = YES;
				CLANG_WARN__DUPLICATE_METHOD_MATCH = YES;
				CODE_SIGN_IDENTITY = "-";
				COPY_PHASE_STRIP = NO;
				DEBUG_INFORMATION_FORMAT = "dwarf-with-dsym";
				ENABLE_NS_ASSERTIONS = NO;
				ENABLE_STRICT_OBJC_MSGSEND = YES;
				GCC_C_LANGUAGE_STANDARD = gnu11;
				GCC_NO_COMMON_BLOCKS = YES;
				GCC_WARN_64_TO_32_BIT_CONVERSION = YES;
				GCC_WARN_ABOUT_RETURN_TYPE = YES_ERROR;
				GCC_WARN_UNDECLARED_SELECTOR = YES;
				GCC_WARN_UNINITIALIZED_AUTOS = YES_AGGRESSIVE;
				GCC_WARN_UNUSED_FUNCTION = YES;
				GCC_WARN_UNUSED_VARIABLE = YES;
				MACOSX_DEPLOYMENT_TARGET = 10.13;
				MTL_ENABLE_DEBUG_INFO = NO;
				MTL_FAST_MATH = YES;
				SDKROOT = macosx;
			};
			name = Release;
		};
		D00DF1B1228E669400BC7A8D /* Debug */ = {
			isa = XCBuildConfiguration;
			buildSettings = {
				ASSETCATALOG_COMPILER_APPICON_NAME = AppIcon;
				CODE_SIGN_ENTITLEMENTS = HyperLinkWindow/HyperLinkWindow.entitlements;
				CODE_SIGN_STYLE = Automatic;
				COMBINE_HIDPI_IMAGES = YES;
				INFOPLIST_FILE = HyperLinkWindow/Info.plist;
				LD_RUNPATH_SEARCH_PATHS = (
					"$(inherited)",
					"@executable_path/../Frameworks",
				);
				PRODUCT_BUNDLE_IDENTIFIER = jp.co.hikeuchi.HyperLinkWindow;
				PRODUCT_NAME = "$(TARGET_NAME)";
			};
			name = Debug;
		};
		D00DF1B2228E669400BC7A8D /* Release */ = {
			isa = XCBuildConfiguration;
			buildSettings = {
				ASSETCATALOG_COMPILER_APPICON_NAME = AppIcon;
				CODE_SIGN_ENTITLEMENTS = HyperLinkWindow/HyperLinkWindow.entitlements;
				CODE_SIGN_STYLE = Automatic;
				COMBINE_HIDPI_IMAGES = YES;
				INFOPLIST_FILE = HyperLinkWindow/Info.plist;
				LD_RUNPATH_SEARCH_PATHS = (
					"$(inherited)",
					"@executable_path/../Frameworks",
				);
				PRODUCT_BUNDLE_IDENTIFIER = jp.co.hikeuchi.HyperLinkWindow;
				PRODUCT_NAME = "$(TARGET_NAME)";
			};
			name = Release;
		};
/* End XCBuildConfiguration section */

/* Begin XCConfigurationList section */
		D00DF19A228E669300BC7A8D /* Build configuration list for PBXProject "HyperLinkWindow" */ = {
			isa = XCConfigurationList;
			buildConfigurations = (
				D00DF1AE228E669400BC7A8D /* Debug */,
				D00DF1AF228E669400BC7A8D /* Release */,
			);
			defaultConfigurationIsVisible = 0;
			defaultConfigurationName = Release;
		};
		D00DF1B0228E669400BC7A8D /* Build configuration list for PBXNativeTarget "HyperLinkWindow" */ = {
			isa = XCConfigurationList;
			buildConfigurations = (
				D00DF1B1228E669400BC7A8D /* Debug */,
				D00DF1B2228E669400BC7A8D /* Release */,
			);
			defaultConfigurationIsVisible = 0;
			defaultConfigurationName = Release;
		};
/* End XCConfigurationList section */
	};
	rootObject = D00DF197228E669300BC7A8D /* Project object */;
}
